
Microsoft Visual Studio Solution File, Format Version 12.00
Project("{FAE04EC0-301F-11D3-BF4B-00C04F79EFBC}") = "Api", "Api\Api.csproj", "{0D484519-6DAC-40D4-B29B-078C9004AF4B}"
EndProject
Project("{FAE04EC0-301F-11D3-BF4B-00C04F79EFBC}") = "Domain", "Domain\Domain.csproj", "{62B7EE8A-D518-42A9-8635-46FB069AE80B}"
EndProject
Project("{FAE04EC0-301F-11D3-BF4B-00C04F79EFBC}") = "Infrastructure", "Infrastructure\Infrastructure.csproj", "{994C4285-71D1-4D49-8798-D54D5E801BA6}"
EndProject
Global
	GlobalSection(SolutionConfigurationPlatforms) = preSolution
		Debug|Any CPU = Debug|Any CPU
		Release|Any CPU = Release|Any CPU
	EndGlobalSection
	GlobalSection(ProjectConfigurationPlatforms) = postSolution
		{0D484519-6DAC-40D4-B29B-078C9004AF4B}.Debug|Any CPU.ActiveCfg = Debug|Any CPU
		{0D484519-6DAC-40D4-B29B-078C9004AF4B}.Debug|Any CPU.Build.0 = Debug|Any CPU
		{0D484519-6DAC-40D4-B29B-078C9004AF4B}.Release|Any CPU.ActiveCfg = Release|Any CPU
		{0D484519-6DAC-40D4-B29B-078C9004AF4B}.Release|Any CPU.Build.0 = Release|Any CPU
		{62B7EE8A-D518-42A9-8635-46FB069AE80B}.Debug|Any CPU.ActiveCfg = Debug|Any CPU
		{62B7EE8A-D518-42A9-8635-46FB069AE80B}.Debug|Any CPU.Build.0 = Debug|Any CPU
		{62B7EE8A-D518-42A9-8635-46FB069AE80B}.Release|Any CPU.ActiveCfg = Release|Any CPU
		{62B7EE8A-D518-42A9-8635-46FB069AE80B}.Release|Any CPU.Build.0 = Release|Any CPU
		{994C4285-71D1-4D49-8798-D54D5E801BA6}.Debug|Any CPU.ActiveCfg = Debug|Any CPU
		{994C4285-71D1-4D49-8798-D54D5E801BA6}.Debug|Any CPU.Build.0 = Debug|Any CPU
		{994C4285-71D1-4D49-8798-D54D5E801BA6}.Release|Any CPU.ActiveCfg = Release|Any CPU
		{994C4285-71D1-4D49-8798-D54D5E801BA6}.Release|Any CPU.Build.0 = Release|Any CPU
	EndGlobalSection
EndGlobal
